
Microsoft Visual Studio Solution File, Format Version 12.00
# Visual Studio Version 17
VisualStudioVersion = 17.14.36202.13 d17.14
MinimumVisualStudioVersion = 10.0.40219.1
Project("{FAE04EC0-301F-11D3-BF4B-00C04F79EFBC}") = "KingPongClient", "KingPongClient.csproj", "{198F70CA-F2B5-5EC1-45A3-EBFE1730B4D9}"
EndProject
Global
	GlobalSection(SolutionConfigurationPlatforms) = preSolution
		Debug|Any CPU = Debug|Any CPU
		Release|Any CPU = Release|Any CPU
	EndGlobalSection
	GlobalSection(ProjectConfigurationPlatforms) = postSolution
		{198F70CA-F2B5-5EC1-45A3-EBFE1730B4D9}.Debug|Any CPU.ActiveCfg = Debug|Any CPU
		{198F70CA-F2B5-5EC1-45A3-EBFE1730B4D9}.Debug|Any CPU.Build.0 = Debug|Any CPU
		{198F70CA-F2B5-5EC1-45A3-EBFE1730B4D9}.Release|Any CPU.ActiveCfg = Release|Any CPU
		{198F70CA-F2B5-5EC1-45A3-EBFE1730B4D9}.Release|Any CPU.Build.0 = Release|Any CPU
	EndGlobalSection
	GlobalSection(SolutionProperties) = preSolution
		HideSolutionNode = FALSE
	EndGlobalSection
	GlobalSection(ExtensibilityGlobals) = postSolution
		SolutionGuid = {EE8E6658-3245-455E-8331-7985293D1C1F}
	EndGlobalSection
EndGlobal
